
Microsoft Visual Studio Solution File, Format Version 12.00
# Visual Studio Version 17
VisualStudioVersion = 17.10.35004.147
MinimumVisualStudioVersion = 10.0.40219.1
Project("{FAE04EC0-301F-11D3-BF4B-00C04F79EFBC}") = "Delta-Dent-WebService", "Delta-Dent-WebService\Delta-Dent-WebService.csproj", "{8EF77513-9F66-421C-9068-5C5507EBF13C}"
EndProject
Global
	GlobalSection(SolutionConfigurationPlatforms) = preSolution
		Debug|Any CPU = Debug|Any CPU
		Release|Any CPU = Release|Any CPU
	EndGlobalSection
	GlobalSection(ProjectConfigurationPlatforms) = postSolution
		{8EF77513-9F66-421C-9068-5C5507EBF13C}.Debug|Any CPU.ActiveCfg = Debug|Any CPU
		{8EF77513-9F66-421C-9068-5C5507EBF13C}.Debug|Any CPU.Build.0 = Debug|Any CPU
		{8EF77513-9F66-421C-9068-5C5507EBF13C}.Release|Any CPU.ActiveCfg = Release|Any CPU
		{8EF77513-9F66-421C-9068-5C5507EBF13C}.Release|Any CPU.Build.0 = Release|Any CPU
	EndGlobalSection
	GlobalSection(SolutionProperties) = preSolution
		HideSolutionNode = FALSE
	EndGlobalSection
	GlobalSection(ExtensibilityGlobals) = postSolution
		SolutionGuid = {53FD02DE-753A-4C00-9812-08CCC68BA064}
	EndGlobalSection
EndGlobal
